
Microsoft Visual Studio Solution File, Format Version 12.00
# Visual Studio 15
VisualStudioVersion = 15.0.26124.0
MinimumVisualStudioVersion = 15.0.26124.0
Project("{FAE04EC0-301F-11D3-BF4B-00C04F79EFBC}") = "QuickBuy.Dominio", "QuickBuy.Dominio\QuickBuy.Dominio.csproj", "{2804E3C0-1CBD-4C7C-84FE-9CCB753B3F05}"
EndProject
Project("{FAE04EC0-301F-11D3-BF4B-00C04F79EFBC}") = "QuickBuy.Repositorio", "QuickBuy.Repositorio\QuickBuy.Repositorio.csproj", "{56E6CFE9-45BD-4775-95A4-008EB9AF07C6}"
EndProject
Project("{FAE04EC0-301F-11D3-BF4B-00C04F79EFBC}") = "QuickBuy.Web", "QuickBuy.Web\QuickBuy.Web.csproj", "{D55908A8-AC10-4CA6-BFB2-688B53B3AC96}"
EndProject
Global
	GlobalSection(SolutionConfigurationPlatforms) = preSolution
		Debug|Any CPU = Debug|Any CPU
		Debug|x64 = Debug|x64
		Debug|x86 = Debug|x86
		Release|Any CPU = Release|Any CPU
		Release|x64 = Release|x64
		Release|x86 = Release|x86
	EndGlobalSection
	GlobalSection(SolutionProperties) = preSolution
		HideSolutionNode = FALSE
	EndGlobalSection
	GlobalSection(ProjectConfigurationPlatforms) = postSolution
		{2804E3C0-1CBD-4C7C-84FE-9CCB753B3F05}.Debug|Any CPU.ActiveCfg = Debug|Any CPU
		{2804E3C0-1CBD-4C7C-84FE-9CCB753B3F05}.Debug|Any CPU.Build.0 = Debug|Any CPU
		{2804E3C0-1CBD-4C7C-84FE-9CCB753B3F05}.Debug|x64.ActiveCfg = Debug|Any CPU
		{2804E3C0-1CBD-4C7C-84FE-9CCB753B3F05}.Debug|x64.Build.0 = Debug|Any CPU
		{2804E3C0-1CBD-4C7C-84FE-9CCB753B3F05}.Debug|x86.ActiveCfg = Debug|Any CPU
		{2804E3C0-1CBD-4C7C-84FE-9CCB753B3F05}.Debug|x86.Build.0 = Debug|Any CPU
		{2804E3C0-1CBD-4C7C-84FE-9CCB753B3F05}.Release|Any CPU.ActiveCfg = Release|Any CPU
		{2804E3C0-1CBD-4C7C-84FE-9CCB753B3F05}.Release|Any CPU.Build.0 = Release|Any CPU
		{2804E3C0-1CBD-4C7C-84FE-9CCB753B3F05}.Release|x64.ActiveCfg = Release|Any CPU
		{2804E3C0-1CBD-4C7C-84FE-9CCB753B3F05}.Release|x64.Build.0 = Release|Any CPU
		{2804E3C0-1CBD-4C7C-84FE-9CCB753B3F05}.Release|x86.ActiveCfg = Release|Any CPU
		{2804E3C0-1CBD-4C7C-84FE-9CCB753B3F05}.Release|x86.Build.0 = Release|Any CPU
		{56E6CFE9-45BD-4775-95A4-008EB9AF07C6}.Debug|Any CPU.ActiveCfg = Debug|Any CPU
		{56E6CFE9-45BD-4775-95A4-008EB9AF07C6}.Debug|Any CPU.Build.0 = Debug|Any CPU
		{56E6CFE9-45BD-4775-95A4-008EB9AF07C6}.Debug|x64.ActiveCfg = Debug|Any CPU
		{56E6CFE9-45BD-4775-95A4-008EB9AF07C6}.Debug|x64.Build.0 = Debug|Any CPU
		{56E6CFE9-45BD-4775-95A4-008EB9AF07C6}.Debug|x86.ActiveCfg = Debug|Any CPU
		{56E6CFE9-45BD-4775-95A4-008EB9AF07C6}.Debug|x86.Build.0 = Debug|Any CPU
		{56E6CFE9-45BD-4775-95A4-008EB9AF07C6}.Release|Any CPU.ActiveCfg = Release|Any CPU
		{56E6CFE9-45BD-4775-95A4-008EB9AF07C6}.Release|Any CPU.Build.0 = Release|Any CPU
		{56E6CFE9-45BD-4775-95A4-008EB9AF07C6}.Release|x64.ActiveCfg = Release|Any CPU
		{56E6CFE9-45BD-4775-95A4-008EB9AF07C6}.Release|x64.Build.0 = Release|Any CPU
		{56E6CFE9-45BD-4775-95A4-008EB9AF07C6}.Release|x86.ActiveCfg = Release|Any CPU
		{56E6CFE9-45BD-4775-95A4-008EB9AF07C6}.Release|x86.Build.0 = Release|Any CPU
		{D55908A8-AC10-4CA6-BFB2-688B53B3AC96}.Debug|Any CPU.ActiveCfg = Debug|Any CPU
		{D55908A8-AC10-4CA6-BFB2-688B53B3AC96}.Debug|Any CPU.Build.0 = Debug|Any CPU
		{D55908A8-AC10-4CA6-BFB2-688B53B3AC96}.Debug|x64.ActiveCfg = Debug|Any CPU
		{D55908A8-AC10-4CA6-BFB2-688B53B3AC96}.Debug|x64.Build.0 = Debug|Any CPU
		{D55908A8-AC10-4CA6-BFB2-688B53B3AC96}.Debug|x86.ActiveCfg = Debug|Any CPU
		{D55908A8-AC10-4CA6-BFB2-688B53B3AC96}.Debug|x86.Build.0 = Debug|Any CPU
		{D55908A8-AC10-4CA6-BFB2-688B53B3AC96}.Release|Any CPU.ActiveCfg = Release|Any CPU
		{D55908A8-AC10-4CA6-BFB2-688B53B3AC96}.Release|Any CPU.Build.0 = Release|Any CPU
		{D55908A8-AC10-4CA6-BFB2-688B53B3AC96}.Release|x64.ActiveCfg = Release|Any CPU
		{D55908A8-AC10-4CA6-BFB2-688B53B3AC96}.Release|x64.Build.0 = Release|Any CPU
		{D55908A8-AC10-4CA6-BFB2-688B53B3AC96}.Release|x86.ActiveCfg = Release|Any CPU
		{D55908A8-AC10-4CA6-BFB2-688B53B3AC96}.Release|x86.Build.0 = Release|Any CPU
	EndGlobalSection
EndGlobal
